// !$*UTF8*$!
{
	archiveVersion = 1;
	classes = {
	};
	objectVersion = 46;
	objects = {

/* Begin PBXBuildFile section */
		5A092F9D1E0F281A0062B2D4 /* CustomActivityIndicator.swift in Sources */ = {isa = PBXBuildFile; fileRef = 5A092F9C1E0F281A0062B2D4 /* CustomActivityIndicator.swift */; };
		5A18092D1E02661100F1FB2A /* ServiceHelper.swift in Sources */ = {isa = PBXBuildFile; fileRef = 5A18092C1E02661100F1FB2A /* ServiceHelper.swift */; };
		5A1DECEB1E13E54000C63554 /* TimeSheetDetailViewController.swift in Sources */ = {isa = PBXBuildFile; fileRef = 5A1DECEA1E13E54000C63554 /* TimeSheetDetailViewController.swift */; };
		5A31DA901DEECDD8009592CC /* LandingViewController.swift in Sources */ = {isa = PBXBuildFile; fileRef = 5A31DA8F1DEECDD8009592CC /* LandingViewController.swift */; };
		5A36FD801E1382F90006DB09 /* DataBaseBL.swift in Sources */ = {isa = PBXBuildFile; fileRef = 5A36FD7E1E1382F90006DB09 /* DataBaseBL.swift */; };
		5A36FD811E1382F90006DB09 /* DataBaseHelper.swift in Sources */ = {isa = PBXBuildFile; fileRef = 5A36FD7F1E1382F90006DB09 /* DataBaseHelper.swift */; };
		5A38B6521E08FC8200BB5645 /* AddTimeSheetViewController.swift in Sources */ = {isa = PBXBuildFile; fileRef = 5A38B6511E08FC8200BB5645 /* AddTimeSheetViewController.swift */; };
		5A3DF0CA1DED51810062B7C7 /* UserSideMenuViewController.swift in Sources */ = {isa = PBXBuildFile; fileRef = 5A3DF0C81DED51810062B7C7 /* UserSideMenuViewController.swift */; };
		5A3DF0D21DED52F10062B7C7 /* MenuSectionTableViewCell.swift in Sources */ = {isa = PBXBuildFile; fileRef = 5A3DF0CE1DED52F10062B7C7 /* MenuSectionTableViewCell.swift */; };
		5A3DF0D31DED52F10062B7C7 /* MenuTableViewCell.swift in Sources */ = {isa = PBXBuildFile; fileRef = 5A3DF0CF1DED52F10062B7C7 /* MenuTableViewCell.swift */; };
		5A3DF0D41DED52F10062B7C7 /* SlideMenuController.swift in Sources */ = {isa = PBXBuildFile; fileRef = 5A3DF0D01DED52F10062B7C7 /* SlideMenuController.swift */; };
		5A3DF0D61DED94370062B7C7 /* SideMenuModel.swift in Sources */ = {isa = PBXBuildFile; fileRef = 5A3DF0D51DED94370062B7C7 /* SideMenuModel.swift */; };
		5A3DF0D91DED968F0062B7C7 /* LoginViewController.swift in Sources */ = {isa = PBXBuildFile; fileRef = 5A3DF0D81DED968F0062B7C7 /* LoginViewController.swift */; };
		5A3DF0DD1DED9EB80062B7C7 /* FloatLabelTextField.swift in Sources */ = {isa = PBXBuildFile; fileRef = 5A3DF0DB1DED9EB80062B7C7 /* FloatLabelTextField.swift */; };
		5A3DF0DE1DED9EB80062B7C7 /* FloatLabelTextView.swift in Sources */ = {isa = PBXBuildFile; fileRef = 5A3DF0DC1DED9EB80062B7C7 /* FloatLabelTextView.swift */; };
		5A8552651DEC59BD000C935E /* CommonFunctions.swift in Sources */ = {isa = PBXBuildFile; fileRef = 5A8552621DEC59BD000C935E /* CommonFunctions.swift */; };
		5A8552661DEC59BD000C935E /* Constants.swift in Sources */ = {isa = PBXBuildFile; fileRef = 5A8552631DEC59BD000C935E /* Constants.swift */; };
		5A8552671DEC59BD000C935E /* CustomAlertController.swift in Sources */ = {isa = PBXBuildFile; fileRef = 5A8552641DEC59BD000C935E /* CustomAlertController.swift */; };
		5A90CB321E0D0E9700F87BFC /* Reachability.swift in Sources */ = {isa = PBXBuildFile; fileRef = 5A90CB311E0D0E9700F87BFC /* Reachability.swift */; };
		5ABE93501DEC127900851382 /* AppDelegate.swift in Sources */ = {isa = PBXBuildFile; fileRef = 5ABE934F1DEC127900851382 /* AppDelegate.swift */; };
		5ABE93551DEC127900851382 /* Main.storyboard in Resources */ = {isa = PBXBuildFile; fileRef = 5ABE93531DEC127900851382 /* Main.storyboard */; };
		5ABE93581DEC127900851382 /* Pappaya.xcdatamodeld in Sources */ = {isa = PBXBuildFile; fileRef = 5ABE93561DEC127900851382 /* Pappaya.xcdatamodeld */; };
		5ABE935A1DEC127900851382 /* Assets.xcassets in Resources */ = {isa = PBXBuildFile; fileRef = 5ABE93591DEC127900851382 /* Assets.xcassets */; };
		5ABE935D1DEC127900851382 /* LaunchScreen.storyboard in Resources */ = {isa = PBXBuildFile; fileRef = 5ABE935B1DEC127900851382 /* LaunchScreen.storyboard */; };
		5ABE93681DEC127A00851382 /* PappayaTests.swift in Sources */ = {isa = PBXBuildFile; fileRef = 5ABE93671DEC127A00851382 /* PappayaTests.swift */; };
		5ABE93731DEC127A00851382 /* PappayaUITests.swift in Sources */ = {isa = PBXBuildFile; fileRef = 5ABE93721DEC127A00851382 /* PappayaUITests.swift */; };
		5AE79EFE1E0514A400BAAD21 /* TimeSheetBL.swift in Sources */ = {isa = PBXBuildFile; fileRef = 5AE79EFD1E0514A400BAAD21 /* TimeSheetBL.swift */; };
		5AEB0F1B1DF5B98B005B7481 /* NewTimesheetViewController.swift in Sources */ = {isa = PBXBuildFile; fileRef = 5AEB0F1A1DF5B98B005B7481 /* NewTimesheetViewController.swift */; };
		5AF121D11DF15492005E22F2 /* TimeSheetDateCell.swift in Sources */ = {isa = PBXBuildFile; fileRef = 5AF121D01DF15492005E22F2 /* TimeSheetDateCell.swift */; };
		5AF121D31DF154B5005E22F2 /* TimeSheetSectionCell.swift in Sources */ = {isa = PBXBuildFile; fileRef = 5AF121D21DF154B5005E22F2 /* TimeSheetSectionCell.swift */; };
		5AF121D61DF1565D005E22F2 /* TimeSheetDetailModel.swift in Sources */ = {isa = PBXBuildFile; fileRef = 5AF121D51DF1565D005E22F2 /* TimeSheetDetailModel.swift */; };
		5AF121D81DF156B0005E22F2 /* TimeSheetDateDetailModel.swift in Sources */ = {isa = PBXBuildFile; fileRef = 5AF121D71DF156B0005E22F2 /* TimeSheetDateDetailModel.swift */; };
		5AF121DA1DF179F3005E22F2 /* TimeSheetProjectDetailModel.swift in Sources */ = {isa = PBXBuildFile; fileRef = 5AF121D91DF179F3005E22F2 /* TimeSheetProjectDetailModel.swift */; };
		5AF121DC1DF199C4005E22F2 /* MyTimesheetViewController.swift in Sources */ = {isa = PBXBuildFile; fileRef = 5AF121DB1DF199C4005E22F2 /* MyTimesheetViewController.swift */; };
		5AF121DE1DF199EB005E22F2 /* TimeSheetToApproveViewController.swift in Sources */ = {isa = PBXBuildFile; fileRef = 5AF121DD1DF199EB005E22F2 /* TimeSheetToApproveViewController.swift */; };
		5AF121E01DF1A314005E22F2 /* TimesheetListTableViewCell.swift in Sources */ = {isa = PBXBuildFile; fileRef = 5AF121DF1DF1A314005E22F2 /* TimesheetListTableViewCell.swift */; };
		5AF121E21DF1B0F6005E22F2 /* SlideDelegateViewController.swift in Sources */ = {isa = PBXBuildFile; fileRef = 5AF121E11DF1B0F6005E22F2 /* SlideDelegateViewController.swift */; };
/* End PBXBuildFile section */

/* Begin PBXContainerItemProxy section */
		5ABE93641DEC127A00851382 /* PBXContainerItemProxy */ = {
			isa = PBXContainerItemProxy;
			containerPortal = 5ABE93441DEC127900851382 /* Project object */;
			proxyType = 1;
			remoteGlobalIDString = 5ABE934B1DEC127900851382;
			remoteInfo = Pappaya;
		};
		5ABE936F1DEC127A00851382 /* PBXContainerItemProxy */ = {
			isa = PBXContainerItemProxy;
			containerPortal = 5ABE93441DEC127900851382 /* Project object */;
			proxyType = 1;
			remoteGlobalIDString = 5ABE934B1DEC127900851382;
			remoteInfo = Pappaya;
		};
/* End PBXContainerItemProxy section */

/* Begin PBXFileReference section */
		5A092F9C1E0F281A0062B2D4 /* CustomActivityIndicator.swift */ = {isa = PBXFileReference; fileEncoding = 4; lastKnownFileType = sourcecode.swift; name = CustomActivityIndicator.swift; path = Common/CustomActivityIndicator.swift; sourceTree = "<group>"; };
		5A18092C1E02661100F1FB2A /* ServiceHelper.swift */ = {isa = PBXFileReference; fileEncoding = 4; lastKnownFileType = sourcecode.swift; name = ServiceHelper.swift; path = Common/ServiceHelper.swift; sourceTree = "<group>"; };
		5A1DECEA1E13E54000C63554 /* TimeSheetDetailViewController.swift */ = {isa = PBXFileReference; fileEncoding = 4; lastKnownFileType = sourcecode.swift; name = TimeSheetDetailViewController.swift; path = Controller/Landing/TimeSheetDetailViewController.swift; sourceTree = "<group>"; };
		5A31DA8F1DEECDD8009592CC /* LandingViewController.swift */ = {isa = PBXFileReference; fileEncoding = 4; lastKnownFileType = sourcecode.swift; name = LandingViewController.swift; path = Controller/Landing/LandingViewController.swift; sourceTree = "<group>"; };
		5A36FD7E1E1382F90006DB09 /* DataBaseBL.swift */ = {isa = PBXFileReference; fileEncoding = 4; lastKnownFileType = sourcecode.swift; name = DataBaseBL.swift; path = Common/DataBase/DataBaseBL.swift; sourceTree = "<group>"; };
		5A36FD7F1E1382F90006DB09 /* DataBaseHelper.swift */ = {isa = PBXFileReference; fileEncoding = 4; lastKnownFileType = sourcecode.swift; name = DataBaseHelper.swift; path = Common/DataBase/DataBaseHelper.swift; sourceTree = "<group>"; };
		5A38B6511E08FC8200BB5645 /* AddTimeSheetViewController.swift */ = {isa = PBXFileReference; fileEncoding = 4; lastKnownFileType = sourcecode.swift; name = AddTimeSheetViewController.swift; path = "Controller/New timesheet/AddTimeSheetViewController.swift"; sourceTree = "<group>"; };
		5A3DF0C81DED51810062B7C7 /* UserSideMenuViewController.swift */ = {isa = PBXFileReference; fileEncoding = 4; lastKnownFileType = sourcecode.swift; name = UserSideMenuViewController.swift; path = Controller/Landing/UserSideMenuViewController.swift; sourceTree = "<group>"; };
		5A3DF0CE1DED52F10062B7C7 /* MenuSectionTableViewCell.swift */ = {isa = PBXFileReference; fileEncoding = 4; lastKnownFileType = sourcecode.swift; name = MenuSectionTableViewCell.swift; path = "LibraryFiles/Side Menu/MenuSectionTableViewCell.swift"; sourceTree = "<group>"; };
		5A3DF0CF1DED52F10062B7C7 /* MenuTableViewCell.swift */ = {isa = PBXFileReference; fileEncoding = 4; lastKnownFileType = sourcecode.swift; name = MenuTableViewCell.swift; path = "LibraryFiles/Side Menu/MenuTableViewCell.swift"; sourceTree = "<group>"; };
		5A3DF0D01DED52F10062B7C7 /* SlideMenuController.swift */ = {isa = PBXFileReference; fileEncoding = 4; lastKnownFileType = sourcecode.swift; name = SlideMenuController.swift; path = "LibraryFiles/Side Menu/SlideMenuController.swift"; sourceTree = "<group>"; };
		5A3DF0D51DED94370062B7C7 /* SideMenuModel.swift */ = {isa = PBXFileReference; fileEncoding = 4; lastKnownFileType = sourcecode.swift; name = SideMenuModel.swift; path = "LibraryFiles/Side Menu/SideMenuModel.swift"; sourceTree = "<group>"; };
		5A3DF0D81DED968F0062B7C7 /* LoginViewController.swift */ = {isa = PBXFileReference; fileEncoding = 4; lastKnownFileType = sourcecode.swift; name = LoginViewController.swift; path = Controller/Login/LoginViewController.swift; sourceTree = "<group>"; };
		5A3DF0DB1DED9EB80062B7C7 /* FloatLabelTextField.swift */ = {isa = PBXFileReference; fileEncoding = 4; lastKnownFileType = sourcecode.swift; name = FloatLabelTextField.swift; path = LibraryFiles/FloatingTextField/FloatLabelTextField.swift; sourceTree = "<group>"; };
		5A3DF0DC1DED9EB80062B7C7 /* FloatLabelTextView.swift */ = {isa = PBXFileReference; fileEncoding = 4; lastKnownFileType = sourcecode.swift; name = FloatLabelTextView.swift; path = LibraryFiles/FloatingTextField/FloatLabelTextView.swift; sourceTree = "<group>"; };
		5A8552621DEC59BD000C935E /* CommonFunctions.swift */ = {isa = PBXFileReference; fileEncoding = 4; lastKnownFileType = sourcecode.swift; name = CommonFunctions.swift; path = Common/CommonFunctions.swift; sourceTree = "<group>"; };
		5A8552631DEC59BD000C935E /* Constants.swift */ = {isa = PBXFileReference; fileEncoding = 4; lastKnownFileType = sourcecode.swift; name = Constants.swift; path = Common/Constants.swift; sourceTree = "<group>"; };
		5A8552641DEC59BD000C935E /* CustomAlertController.swift */ = {isa = PBXFileReference; fileEncoding = 4; lastKnownFileType = sourcecode.swift; name = CustomAlertController.swift; path = Common/CustomAlertController.swift; sourceTree = "<group>"; };
		5A90CB311E0D0E9700F87BFC /* Reachability.swift */ = {isa = PBXFileReference; fileEncoding = 4; lastKnownFileType = sourcecode.swift; name = Reachability.swift; path = Common/Reachability.swift; sourceTree = "<group>"; };
		5ABE934C1DEC127900851382 /* Pappaya.app */ = {isa = PBXFileReference; explicitFileType = wrapper.application; includeInIndex = 0; path = Pappaya.app; sourceTree = BUILT_PRODUCTS_DIR; };
		5ABE934F1DEC127900851382 /* AppDelegate.swift */ = {isa = PBXFileReference; lastKnownFileType = sourcecode.swift; path = AppDelegate.swift; sourceTree = "<group>"; };
		5ABE93541DEC127900851382 /* Base */ = {isa = PBXFileReference; lastKnownFileType = file.storyboard; name = Base; path = Base.lproj/Main.storyboard; sourceTree = "<group>"; };
		5ABE93571DEC127900851382 /* Pappaya.xcdatamodel */ = {isa = PBXFileReference; lastKnownFileType = wrapper.xcdatamodel; path = Pappaya.xcdatamodel; sourceTree = "<group>"; };
		5ABE93591DEC127900851382 /* Assets.xcassets */ = {isa = PBXFileReference; lastKnownFileType = folder.assetcatalog; path = Assets.xcassets; sourceTree = "<group>"; };
		5ABE935C1DEC127900851382 /* Base */ = {isa = PBXFileReference; lastKnownFileType = file.storyboard; name = Base; path = Base.lproj/LaunchScreen.storyboard; sourceTree = "<group>"; };
		5ABE935E1DEC127900851382 /* Info.plist */ = {isa = PBXFileReference; lastKnownFileType = text.plist.xml; path = Info.plist; sourceTree = "<group>"; };
		5ABE93631DEC127A00851382 /* PappayaTests.xctest */ = {isa = PBXFileReference; explicitFileType = wrapper.cfbundle; includeInIndex = 0; path = PappayaTests.xctest; sourceTree = BUILT_PRODUCTS_DIR; };
		5ABE93671DEC127A00851382 /* PappayaTests.swift */ = {isa = PBXFileReference; lastKnownFileType = sourcecode.swift; path = PappayaTests.swift; sourceTree = "<group>"; };
		5ABE93691DEC127A00851382 /* Info.plist */ = {isa = PBXFileReference; lastKnownFileType = text.plist.xml; path = Info.plist; sourceTree = "<group>"; };
		5ABE936E1DEC127A00851382 /* PappayaUITests.xctest */ = {isa = PBXFileReference; explicitFileType = wrapper.cfbundle; includeInIndex = 0; path = PappayaUITests.xctest; sourceTree = BUILT_PRODUCTS_DIR; };
		5ABE93721DEC127A00851382 /* PappayaUITests.swift */ = {isa = PBXFileReference; lastKnownFileType = sourcecode.swift; path = PappayaUITests.swift; sourceTree = "<group>"; };
		5ABE93741DEC127A00851382 /* Info.plist */ = {isa = PBXFileReference; lastKnownFileType = text.plist.xml; path = Info.plist; sourceTree = "<group>"; };
		5AE79EFD1E0514A400BAAD21 /* TimeSheetBL.swift */ = {isa = PBXFileReference; fileEncoding = 4; lastKnownFileType = sourcecode.swift; name = TimeSheetBL.swift; path = Model/TimeSheet/TimeSheetBL.swift; sourceTree = "<group>"; };
		5AEB0F1A1DF5B98B005B7481 /* NewTimesheetViewController.swift */ = {isa = PBXFileReference; fileEncoding = 4; lastKnownFileType = sourcecode.swift; name = NewTimesheetViewController.swift; path = "Controller/New timesheet/NewTimesheetViewController.swift"; sourceTree = "<group>"; };
		5AF121D01DF15492005E22F2 /* TimeSheetDateCell.swift */ = {isa = PBXFileReference; fileEncoding = 4; lastKnownFileType = sourcecode.swift; name = TimeSheetDateCell.swift; path = View/Landing/TimeSheetDateCell.swift; sourceTree = "<group>"; };
		5AF121D21DF154B5005E22F2 /* TimeSheetSectionCell.swift */ = {isa = PBXFileReference; fileEncoding = 4; lastKnownFileType = sourcecode.swift; name = TimeSheetSectionCell.swift; path = View/Landing/TimeSheetSectionCell.swift; sourceTree = "<group>"; };
		5AF121D51DF1565D005E22F2 /* TimeSheetDetailModel.swift */ = {isa = PBXFileReference; fileEncoding = 4; lastKnownFileType = sourcecode.swift; name = TimeSheetDetailModel.swift; path = Model/TimeSheet/TimeSheetDetailModel.swift; sourceTree = "<group>"; };
		5AF121D71DF156B0005E22F2 /* TimeSheetDateDetailModel.swift */ = {isa = PBXFileReference; fileEncoding = 4; lastKnownFileType = sourcecode.swift; name = TimeSheetDateDetailModel.swift; path = Model/TimeSheet/TimeSheetDateDetailModel.swift; sourceTree = "<group>"; };
		5AF121D91DF179F3005E22F2 /* TimeSheetProjectDetailModel.swift */ = {isa = PBXFileReference; fileEncoding = 4; lastKnownFileType = sourcecode.swift; path = TimeSheetProjectDetailModel.swift; sourceTree = "<group>"; };
		5AF121DB1DF199C4005E22F2 /* MyTimesheetViewController.swift */ = {isa = PBXFileReference; fileEncoding = 4; lastKnownFileType = sourcecode.swift; name = MyTimesheetViewController.swift; path = Controller/Landing/MyTimesheetViewController.swift; sourceTree = "<group>"; };
		5AF121DD1DF199EB005E22F2 /* TimeSheetToApproveViewController.swift */ = {isa = PBXFileReference; fileEncoding = 4; lastKnownFileType = sourcecode.swift; name = TimeSheetToApproveViewController.swift; path = Controller/Landing/TimeSheetToApproveViewController.swift; sourceTree = "<group>"; };
		5AF121DF1DF1A314005E22F2 /* TimesheetListTableViewCell.swift */ = {isa = PBXFileReference; fileEncoding = 4; lastKnownFileType = sourcecode.swift; name = TimesheetListTableViewCell.swift; path = View/Landing/TimesheetListTableViewCell.swift; sourceTree = "<group>"; };
		5AF121E11DF1B0F6005E22F2 /* SlideDelegateViewController.swift */ = {isa = PBXFileReference; fileEncoding = 4; lastKnownFileType = sourcecode.swift; name = SlideDelegateViewController.swift; path = Common/SlideDelegateViewController.swift; sourceTree = "<group>"; };
/* End PBXFileReference section */

/* Begin PBXFrameworksBuildPhase section */
		5ABE93491DEC127900851382 /* Frameworks */ = {
			isa = PBXFrameworksBuildPhase;
			buildActionMask = 2147483647;
			files = (
			);
			runOnlyForDeploymentPostprocessing = 0;
		};
		5ABE93601DEC127A00851382 /* Frameworks */ = {
			isa = PBXFrameworksBuildPhase;
			buildActionMask = 2147483647;
			files = (
			);
			runOnlyForDeploymentPostprocessing = 0;
		};
		5ABE936B1DEC127A00851382 /* Frameworks */ = {
			isa = PBXFrameworksBuildPhase;
			buildActionMask = 2147483647;
			files = (
			);
			runOnlyForDeploymentPostprocessing = 0;
		};
/* End PBXFrameworksBuildPhase section */

/* Begin PBXGroup section */
		5A36FD7D1E1382D90006DB09 /* Data Base */ = {
			isa = PBXGroup;
			children = (
				5A36FD7E1E1382F90006DB09 /* DataBaseBL.swift */,
				5A36FD7F1E1382F90006DB09 /* DataBaseHelper.swift */,
			);
			name = "Data Base";
			sourceTree = "<group>";
		};
		5A3DF0C61DED51590062B7C7 /* Landing */ = {
			isa = PBXGroup;
			children = (
				5A3DF0C81DED51810062B7C7 /* UserSideMenuViewController.swift */,
				5A31DA8F1DEECDD8009592CC /* LandingViewController.swift */,
				5AF121DB1DF199C4005E22F2 /* MyTimesheetViewController.swift */,
				5AF121DD1DF199EB005E22F2 /* TimeSheetToApproveViewController.swift */,
				5A1DECEA1E13E54000C63554 /* TimeSheetDetailViewController.swift */,
			);
			name = Landing;
			sourceTree = "<group>";
		};
		5A3DF0CB1DED527A0062B7C7 /* Library Files */ = {
			isa = PBXGroup;
			children = (
				5A3DF0DA1DED9E870062B7C7 /* FloatingTextEdit */,
				5A3DF0CC1DED528B0062B7C7 /* Side Menu */,
			);
			name = "Library Files";
			sourceTree = "<group>";
		};
		5A3DF0CC1DED528B0062B7C7 /* Side Menu */ = {
			isa = PBXGroup;
			children = (
				5A3DF0D51DED94370062B7C7 /* SideMenuModel.swift */,
				5A3DF0CE1DED52F10062B7C7 /* MenuSectionTableViewCell.swift */,
				5A3DF0CF1DED52F10062B7C7 /* MenuTableViewCell.swift */,
				5A3DF0D01DED52F10062B7C7 /* SlideMenuController.swift */,
			);
			name = "Side Menu";
			sourceTree = "<group>";
		};
		5A3DF0D71DED96400062B7C7 /* Login */ = {
			isa = PBXGroup;
			children = (
				5A3DF0D81DED968F0062B7C7 /* LoginViewController.swift */,
			);
			name = Login;
			sourceTree = "<group>";
		};
		5A3DF0DA1DED9E870062B7C7 /* FloatingTextEdit */ = {
			isa = PBXGroup;
			children = (
				5A3DF0DB1DED9EB80062B7C7 /* FloatLabelTextField.swift */,
				5A3DF0DC1DED9EB80062B7C7 /* FloatLabelTextView.swift */,
			);
			name = FloatingTextEdit;
			sourceTree = "<group>";
		};
		5A85525E1DEC5963000C935E /* Common */ = {
			isa = PBXGroup;
			children = (
				5A8552621DEC59BD000C935E /* CommonFunctions.swift */,
				5A36FD7D1E1382D90006DB09 /* Data Base */,
				5AF121E11DF1B0F6005E22F2 /* SlideDelegateViewController.swift */,
				5A90CB311E0D0E9700F87BFC /* Reachability.swift */,
				5A8552631DEC59BD000C935E /* Constants.swift */,
				5A8552641DEC59BD000C935E /* CustomAlertController.swift */,
				5A092F9C1E0F281A0062B2D4 /* CustomActivityIndicator.swift */,
				5A18092C1E02661100F1FB2A /* ServiceHelper.swift */,
			);
			name = Common;
			sourceTree = "<group>";
		};
		5A85525F1DEC5975000C935E /* View */ = {
			isa = PBXGroup;
			children = (
				5AF121CF1DF1541D005E22F2 /* Landing */,
			);
			name = View;
			sourceTree = "<group>";
		};
		5A8552601DEC597F000C935E /* Controller */ = {
			isa = PBXGroup;
			children = (
				5AEB0F191DF5B939005B7481 /* New timesheet */,
				5A3DF0D71DED96400062B7C7 /* Login */,
				5A3DF0C61DED51590062B7C7 /* Landing */,
			);
			name = Controller;
			sourceTree = "<group>";
		};
		5A8552611DEC598C000C935E /* Model */ = {
			isa = PBXGroup;
			children = (
				5AF121D41DF1562D005E22F2 /* TimeSheet */,
			);
			name = Model;
			sourceTree = "<group>";
		};
		5ABE93431DEC127900851382 = {
			isa = PBXGroup;
			children = (
				5ABE934E1DEC127900851382 /* Pappaya */,
				5ABE93661DEC127A00851382 /* PappayaTests */,
				5ABE93711DEC127A00851382 /* PappayaUITests */,
				5ABE934D1DEC127900851382 /* Products */,
			);
			sourceTree = "<group>";
		};
		5ABE934D1DEC127900851382 /* Products */ = {
			isa = PBXGroup;
			children = (
				5ABE934C1DEC127900851382 /* Pappaya.app */,
				5ABE93631DEC127A00851382 /* PappayaTests.xctest */,
				5ABE936E1DEC127A00851382 /* PappayaUITests.xctest */,
			);
			name = Products;
			sourceTree = "<group>";
		};
		5ABE934E1DEC127900851382 /* Pappaya */ = {
			isa = PBXGroup;
			children = (
				5ABE934F1DEC127900851382 /* AppDelegate.swift */,
				5A3DF0CB1DED527A0062B7C7 /* Library Files */,
				5A8552611DEC598C000C935E /* Model */,
				5A8552601DEC597F000C935E /* Controller */,
				5A85525F1DEC5975000C935E /* View */,
				5A85525E1DEC5963000C935E /* Common */,
				5ABE93531DEC127900851382 /* Main.storyboard */,
				5ABE93591DEC127900851382 /* Assets.xcassets */,
				5ABE935B1DEC127900851382 /* LaunchScreen.storyboard */,
				5ABE935E1DEC127900851382 /* Info.plist */,
				5ABE93561DEC127900851382 /* Pappaya.xcdatamodeld */,
			);
			path = Pappaya;
			sourceTree = "<group>";
		};
		5ABE93661DEC127A00851382 /* PappayaTests */ = {
			isa = PBXGroup;
			children = (
				5ABE93671DEC127A00851382 /* PappayaTests.swift */,
				5ABE93691DEC127A00851382 /* Info.plist */,
			);
			path = PappayaTests;
			sourceTree = "<group>";
		};
		5ABE93711DEC127A00851382 /* PappayaUITests */ = {
			isa = PBXGroup;
			children = (
				5ABE93721DEC127A00851382 /* PappayaUITests.swift */,
				5ABE93741DEC127A00851382 /* Info.plist */,
			);
			path = PappayaUITests;
			sourceTree = "<group>";
		};
		5AEB0F191DF5B939005B7481 /* New timesheet */ = {
			isa = PBXGroup;
			children = (
				5AEB0F1A1DF5B98B005B7481 /* NewTimesheetViewController.swift */,
				5A38B6511E08FC8200BB5645 /* AddTimeSheetViewController.swift */,
			);
			name = "New timesheet";
			sourceTree = "<group>";
		};
		5AF121CF1DF1541D005E22F2 /* Landing */ = {
			isa = PBXGroup;
			children = (
				5AF121D01DF15492005E22F2 /* TimeSheetDateCell.swift */,
				5AF121D21DF154B5005E22F2 /* TimeSheetSectionCell.swift */,
				5AF121DF1DF1A314005E22F2 /* TimesheetListTableViewCell.swift */,
			);
			name = Landing;
			sourceTree = "<group>";
		};
		5AF121D41DF1562D005E22F2 /* TimeSheet */ = {
			isa = PBXGroup;
			children = (
				5AE79EFD1E0514A400BAAD21 /* TimeSheetBL.swift */,
				5AF121D51DF1565D005E22F2 /* TimeSheetDetailModel.swift */,
				5AF121D91DF179F3005E22F2 /* TimeSheetProjectDetailModel.swift */,
				5AF121D71DF156B0005E22F2 /* TimeSheetDateDetailModel.swift */,
			);
			name = TimeSheet;
			sourceTree = "<group>";
		};
/* End PBXGroup section */

/* Begin PBXNativeTarget section */
		5ABE934B1DEC127900851382 /* Pappaya */ = {
			isa = PBXNativeTarget;
			buildConfigurationList = 5ABE93771DEC127A00851382 /* Build configuration list for PBXNativeTarget "Pappaya" */;
			buildPhases = (
				5ABE93481DEC127900851382 /* Sources */,
				5ABE93491DEC127900851382 /* Frameworks */,
				5ABE934A1DEC127900851382 /* Resources */,
			);
			buildRules = (
			);
			dependencies = (
			);
			name = Pappaya;
			productName = Pappaya;
			productReference = 5ABE934C1DEC127900851382 /* Pappaya.app */;
			productType = "com.apple.product-type.application";
		};
		5ABE93621DEC127A00851382 /* PappayaTests */ = {
			isa = PBXNativeTarget;
			buildConfigurationList = 5ABE937A1DEC127A00851382 /* Build configuration list for PBXNativeTarget "PappayaTests" */;
			buildPhases = (
				5ABE935F1DEC127A00851382 /* Sources */,
				5ABE93601DEC127A00851382 /* Frameworks */,
				5ABE93611DEC127A00851382 /* Resources */,
			);
			buildRules = (
			);
			dependencies = (
				5ABE93651DEC127A00851382 /* PBXTargetDependency */,
			);
			name = PappayaTests;
			productName = PappayaTests;
			productReference = 5ABE93631DEC127A00851382 /* PappayaTests.xctest */;
			productType = "com.apple.product-type.bundle.unit-test";
		};
		5ABE936D1DEC127A00851382 /* PappayaUITests */ = {
			isa = PBXNativeTarget;
			buildConfigurationList = 5ABE937D1DEC127A00851382 /* Build configuration list for PBXNativeTarget "PappayaUITests" */;
			buildPhases = (
				5ABE936A1DEC127A00851382 /* Sources */,
				5ABE936B1DEC127A00851382 /* Frameworks */,
				5ABE936C1DEC127A00851382 /* Resources */,
			);
			buildRules = (
			);
			dependencies = (
				5ABE93701DEC127A00851382 /* PBXTargetDependency */,
			);
			name = PappayaUITests;
			productName = PappayaUITests;
			productReference = 5ABE936E1DEC127A00851382 /* PappayaUITests.xctest */;
			productType = "com.apple.product-type.bundle.ui-testing";
		};
/* End PBXNativeTarget section */

/* Begin PBXProject section */
		5ABE93441DEC127900851382 /* Project object */ = {
			isa = PBXProject;
			attributes = {
				LastSwiftUpdateCheck = 0810;
				LastUpgradeCheck = 0810;
				ORGANIZATIONNAME = Think42labs;
				TargetAttributes = {
					5ABE934B1DEC127900851382 = {
						CreatedOnToolsVersion = 8.1;
						ProvisioningStyle = Automatic;
					};
					5ABE93621DEC127A00851382 = {
						CreatedOnToolsVersion = 8.1;
						ProvisioningStyle = Automatic;
						TestTargetID = 5ABE934B1DEC127900851382;
					};
					5ABE936D1DEC127A00851382 = {
						CreatedOnToolsVersion = 8.1;
						ProvisioningStyle = Automatic;
						TestTargetID = 5ABE934B1DEC127900851382;
					};
				};
			};
			buildConfigurationList = 5ABE93471DEC127900851382 /* Build configuration list for PBXProject "Pappaya" */;
			compatibilityVersion = "Xcode 3.2";
			developmentRegion = English;
			hasScannedForEncodings = 0;
			knownRegions = (
				en,
				Base,
			);
			mainGroup = 5ABE93431DEC127900851382;
			productRefGroup = 5ABE934D1DEC127900851382 /* Products */;
			projectDirPath = "";
			projectRoot = "";
			targets = (
				5ABE934B1DEC127900851382 /* Pappaya */,
				5ABE93621DEC127A00851382 /* PappayaTests */,
				5ABE936D1DEC127A00851382 /* PappayaUITests */,
			);
		};
/* End PBXProject section */

/* Begin PBXResourcesBuildPhase section */
		5ABE934A1DEC127900851382 /* Resources */ = {
			isa = PBXResourcesBuildPhase;
			buildActionMask = 2147483647;
			files = (
				5ABE935D1DEC127900851382 /* LaunchScreen.storyboard in Resources */,
				5ABE935A1DEC127900851382 /* Assets.xcassets in Resources */,
				5ABE93551DEC127900851382 /* Main.storyboard in Resources */,
			);
			runOnlyForDeploymentPostprocessing = 0;
		};
		5ABE93611DEC127A00851382 /* Resources */ = {
			isa = PBXResourcesBuildPhase;
			buildActionMask = 2147483647;
			files = (
			);
			runOnlyForDeploymentPostprocessing = 0;
		};
		5ABE936C1DEC127A00851382 /* Resources */ = {
			isa = PBXResourcesBuildPhase;
			buildActionMask = 2147483647;
			files = (
			);
			runOnlyForDeploymentPostprocessing = 0;
		};
/* End PBXResourcesBuildPhase section */

/* Begin PBXSourcesBuildPhase section */
		5ABE93481DEC127900851382 /* Sources */ = {
			isa = PBXSourcesBuildPhase;
			buildActionMask = 2147483647;
			files = (
				5A3DF0D21DED52F10062B7C7 /* MenuSectionTableViewCell.swift in Sources */,
				5AF121DA1DF179F3005E22F2 /* TimeSheetProjectDetailModel.swift in Sources */,
				5AF121E01DF1A314005E22F2 /* TimesheetListTableViewCell.swift in Sources */,
				5A36FD811E1382F90006DB09 /* DataBaseHelper.swift in Sources */,
				5AF121E21DF1B0F6005E22F2 /* SlideDelegateViewController.swift in Sources */,
				5AF121D81DF156B0005E22F2 /* TimeSheetDateDetailModel.swift in Sources */,
				5A8552671DEC59BD000C935E /* CustomAlertController.swift in Sources */,
				5A36FD801E1382F90006DB09 /* DataBaseBL.swift in Sources */,
				5AF121D31DF154B5005E22F2 /* TimeSheetSectionCell.swift in Sources */,
				5A90CB321E0D0E9700F87BFC /* Reachability.swift in Sources */,
				5A8552651DEC59BD000C935E /* CommonFunctions.swift in Sources */,
				5AEB0F1B1DF5B98B005B7481 /* NewTimesheetViewController.swift in Sources */,
				5AF121D11DF15492005E22F2 /* TimeSheetDateCell.swift in Sources */,
				5AF121DC1DF199C4005E22F2 /* MyTimesheetViewController.swift in Sources */,
				5A3DF0DE1DED9EB80062B7C7 /* FloatLabelTextView.swift in Sources */,
				5A3DF0DD1DED9EB80062B7C7 /* FloatLabelTextField.swift in Sources */,
				5A3DF0D31DED52F10062B7C7 /* MenuTableViewCell.swift in Sources */,
				5A38B6521E08FC8200BB5645 /* AddTimeSheetViewController.swift in Sources */,
				5A092F9D1E0F281A0062B2D4 /* CustomActivityIndicator.swift in Sources */,
				5AF121DE1DF199EB005E22F2 /* TimeSheetToApproveViewController.swift in Sources */,
				5A18092D1E02661100F1FB2A /* ServiceHelper.swift in Sources */,
				5A3DF0D41DED52F10062B7C7 /* SlideMenuController.swift in Sources */,
				5ABE93581DEC127900851382 /* Pappaya.xcdatamodeld in Sources */,
				5AE79EFE1E0514A400BAAD21 /* TimeSheetBL.swift in Sources */,
				5A1DECEB1E13E54000C63554 /* TimeSheetDetailViewController.swift in Sources */,
				5AF121D61DF1565D005E22F2 /* TimeSheetDetailModel.swift in Sources */,
				5A31DA901DEECDD8009592CC /* LandingViewController.swift in Sources */,
				5ABE93501DEC127900851382 /* AppDelegate.swift in Sources */,
				5A3DF0CA1DED51810062B7C7 /* UserSideMenuViewController.swift in Sources */,
				5A8552661DEC59BD000C935E /* Constants.swift in Sources */,
				5A3DF0D61DED94370062B7C7 /* SideMenuModel.swift in Sources */,
				5A3DF0D91DED968F0062B7C7 /* LoginViewController.swift in Sources */,
			);
			runOnlyForDeploymentPostprocessing = 0;
		};
		5ABE935F1DEC127A00851382 /* Sources */ = {
			isa = PBXSourcesBuildPhase;
			buildActionMask = 2147483647;
			files = (
				5ABE93681DEC127A00851382 /* PappayaTests.swift in Sources */,
			);
			runOnlyForDeploymentPostprocessing = 0;
		};
		5ABE936A1DEC127A00851382 /* Sources */ = {
			isa = PBXSourcesBuildPhase;
			buildActionMask = 2147483647;
			files = (
				5ABE93731DEC127A00851382 /* PappayaUITests.swift in Sources */,
			);
			runOnlyForDeploymentPostprocessing = 0;
		};
/* End PBXSourcesBuildPhase section */

/* Begin PBXTargetDependency section */
		5ABE93651DEC127A00851382 /* PBXTargetDependency */ = {
			isa = PBXTargetDependency;
			target = 5ABE934B1DEC127900851382 /* Pappaya */;
			targetProxy = 5ABE93641DEC127A00851382 /* PBXContainerItemProxy */;
		};
		5ABE93701DEC127A00851382 /* PBXTargetDependency */ = {
			isa = PBXTargetDependency;
			target = 5ABE934B1DEC127900851382 /* Pappaya */;
			targetProxy = 5ABE936F1DEC127A00851382 /* PBXContainerItemProxy */;
		};
/* End PBXTargetDependency section */

/* Begin PBXVariantGroup section */
		5ABE93531DEC127900851382 /* Main.storyboard */ = {
			isa = PBXVariantGroup;
			children = (
				5ABE93541DEC127900851382 /* Base */,
			);
			name = Main.storyboard;
			sourceTree = "<group>";
		};
		5ABE935B1DEC127900851382 /* LaunchScreen.storyboard */ = {
			isa = PBXVariantGroup;
			children = (
				5ABE935C1DEC127900851382 /* Base */,
			);
			name = LaunchScreen.storyboard;
			sourceTree = "<group>";
		};
/* End PBXVariantGroup section */

/* Begin XCBuildConfiguration section */
		5ABE93751DEC127A00851382 /* Debug */ = {
			isa = XCBuildConfiguration;
			buildSettings = {
				ALWAYS_SEARCH_USER_PATHS = NO;
				CLANG_ANALYZER_NONNULL = YES;
				CLANG_CXX_LANGUAGE_STANDARD = "gnu++0x";
				CLANG_CXX_LIBRARY = "libc++";
				CLANG_ENABLE_MODULES = YES;
				CLANG_ENABLE_OBJC_ARC = YES;
				CLANG_WARN_BOOL_CONVERSION = YES;
				CLANG_WARN_CONSTANT_CONVERSION = YES;
				CLANG_WARN_DIRECT_OBJC_ISA_USAGE = YES_ERROR;
				CLANG_WARN_DOCUMENTATION_COMMENTS = YES;
				CLANG_WARN_EMPTY_BODY = YES;
				CLANG_WARN_ENUM_CONVERSION = YES;
				CLANG_WARN_INFINITE_RECURSION = YES;
				CLANG_WARN_INT_CONVERSION = YES;
				CLANG_WARN_OBJC_ROOT_CLASS = YES_ERROR;
				CLANG_WARN_SUSPICIOUS_MOVES = YES;
				CLANG_WARN_UNREACHABLE_CODE = YES;
				CLANG_WARN__DUPLICATE_METHOD_MATCH = YES;
				CODE_SIGN_IDENTITY = "iPhone Developer";
				"CODE_SIGN_IDENTITY[sdk=iphoneos*]" = "iPhone Developer";
				COPY_PHASE_STRIP = NO;
				DEBUG_INFORMATION_FORMAT = dwarf;
				ENABLE_STRICT_OBJC_MSGSEND = YES;
				ENABLE_TESTABILITY = YES;
				GCC_C_LANGUAGE_STANDARD = gnu99;
				GCC_DYNAMIC_NO_PIC = NO;
				GCC_NO_COMMON_BLOCKS = YES;
				GCC_OPTIMIZATION_LEVEL = 0;
				GCC_PREPROCESSOR_DEFINITIONS = (
					"DEBUG=1",
					"$(inherited)",
				);
				GCC_WARN_64_TO_32_BIT_CONVERSION = YES;
				GCC_WARN_ABOUT_RETURN_TYPE = YES_ERROR;
				GCC_WARN_UNDECLARED_SELECTOR = YES;
				GCC_WARN_UNINITIALIZED_AUTOS = YES_AGGRESSIVE;
				GCC_WARN_UNUSED_FUNCTION = YES;
				GCC_WARN_UNUSED_VARIABLE = YES;
				IPHONEOS_DEPLOYMENT_TARGET = 10.1;
				MTL_ENABLE_DEBUG_INFO = YES;
				ONLY_ACTIVE_ARCH = YES;
				SDKROOT = iphoneos;
				SWIFT_ACTIVE_COMPILATION_CONDITIONS = DEBUG;
				SWIFT_OPTIMIZATION_LEVEL = "-Onone";
			};
			name = Debug;
		};
		5ABE93761DEC127A00851382 /* Release */ = {
			isa = XCBuildConfiguration;
			buildSettings = {
				ALWAYS_SEARCH_USER_PATHS = NO;
				CLANG_ANALYZER_NONNULL = YES;
				CLANG_CXX_LANGUAGE_STANDARD = "gnu++0x";
				CLANG_CXX_LIBRARY = "libc++";
				CLANG_ENABLE_MODULES = YES;
				CLANG_ENABLE_OBJC_ARC = YES;
				CLANG_WARN_BOOL_CONVERSION = YES;
				CLANG_WARN_CONSTANT_CONVERSION = YES;
				CLANG_WARN_DIRECT_OBJC_ISA_USAGE = YES_ERROR;
				CLANG_WARN_DOCUMENTATION_COMMENTS = YES;
				CLANG_WARN_EMPTY_BODY = YES;
				CLANG_WARN_ENUM_CONVERSION = YES;
				CLANG_WARN_INFINITE_RECURSION = YES;
				CLANG_WARN_INT_CONVERSION = YES;
				CLANG_WARN_OBJC_ROOT_CLASS = YES_ERROR;
				CLANG_WARN_SUSPICIOUS_MOVES = YES;
				CLANG_WARN_UNREACHABLE_CODE = YES;
				CLANG_WARN__DUPLICATE_METHOD_MATCH = YES;
				CODE_SIGN_IDENTITY = "iPhone Developer";
				"CODE_SIGN_IDENTITY[sdk=iphoneos*]" = "iPhone Developer";
				COPY_PHASE_STRIP = NO;
				DEBUG_INFORMATION_FORMAT = "dwarf-with-dsym";
				ENABLE_NS_ASSERTIONS = NO;
				ENABLE_STRICT_OBJC_MSGSEND = YES;
				GCC_C_LANGUAGE_STANDARD = gnu99;
				GCC_NO_COMMON_BLOCKS = YES;
				GCC_WARN_64_TO_32_BIT_CONVERSION = YES;
				GCC_WARN_ABOUT_RETURN_TYPE = YES_ERROR;
				GCC_WARN_UNDECLARED_SELECTOR = YES;
				GCC_WARN_UNINITIALIZED_AUTOS = YES_AGGRESSIVE;
				GCC_WARN_UNUSED_FUNCTION = YES;
				GCC_WARN_UNUSED_VARIABLE = YES;
				IPHONEOS_DEPLOYMENT_TARGET = 10.1;
				MTL_ENABLE_DEBUG_INFO = NO;
				SDKROOT = iphoneos;
				SWIFT_OPTIMIZATION_LEVEL = "-Owholemodule";
				VALIDATE_PRODUCT = YES;
			};
			name = Release;
		};
		5ABE93781DEC127A00851382 /* Debug */ = {
			isa = XCBuildConfiguration;
			buildSettings = {
				ASSETCATALOG_COMPILER_APPICON_NAME = AppIcon;
				CODE_SIGN_IDENTITY = "iPhone Developer";
				INFOPLIST_FILE = Pappaya/Info.plist;
				LD_RUNPATH_SEARCH_PATHS = "$(inherited) @executable_path/Frameworks";
				PRODUCT_BUNDLE_IDENTIFIER = com.Pappaya.PRMS;
				PRODUCT_NAME = "$(TARGET_NAME)";
				SWIFT_VERSION = 3.0;
			};
			name = Debug;
		};
		5ABE93791DEC127A00851382 /* Release */ = {
			isa = XCBuildConfiguration;
			buildSettings = {
				ASSETCATALOG_COMPILER_APPICON_NAME = AppIcon;
				CODE_SIGN_IDENTITY = "iPhone Developer";
				INFOPLIST_FILE = Pappaya/Info.plist;
				LD_RUNPATH_SEARCH_PATHS = "$(inherited) @executable_path/Frameworks";
				PRODUCT_BUNDLE_IDENTIFIER = com.Pappaya.PRMS;
				PRODUCT_NAME = "$(TARGET_NAME)";
				SWIFT_VERSION = 3.0;
			};
			name = Release;
		};
		5ABE937B1DEC127A00851382 /* Debug */ = {
			isa = XCBuildConfiguration;
			buildSettings = {
				ALWAYS_EMBED_SWIFT_STANDARD_LIBRARIES = YES;
				BUNDLE_LOADER = "$(TEST_HOST)";
				INFOPLIST_FILE = PappayaTests/Info.plist;
				LD_RUNPATH_SEARCH_PATHS = "$(inherited) @executable_path/Frameworks @loader_path/Frameworks";
				PRODUCT_BUNDLE_IDENTIFIER = Think42labs.PappayaTests;
				PRODUCT_NAME = "$(TARGET_NAME)";
				SWIFT_VERSION = 3.0;
				TEST_HOST = "$(BUILT_PRODUCTS_DIR)/Pappaya.app/Pappaya";
			};
			name = Debug;
		};
		5ABE937C1DEC127A00851382 /* Release */ = {
			isa = XCBuildConfiguration;
			buildSettings = {
				ALWAYS_EMBED_SWIFT_STANDARD_LIBRARIES = YES;
				BUNDLE_LOADER = "$(TEST_HOST)";
				INFOPLIST_FILE = PappayaTests/Info.plist;
				LD_RUNPATH_SEARCH_PATHS = "$(inherited) @executable_path/Frameworks @loader_path/Frameworks";
				PRODUCT_BUNDLE_IDENTIFIER = Think42labs.PappayaTests;
				PRODUCT_NAME = "$(TARGET_NAME)";
				SWIFT_VERSION = 3.0;
				TEST_HOST = "$(BUILT_PRODUCTS_DIR)/Pappaya.app/Pappaya";
			};
			name = Release;
		};
		5ABE937E1DEC127A00851382 /* Debug */ = {
			isa = XCBuildConfiguration;
			buildSettings = {
				ALWAYS_EMBED_SWIFT_STANDARD_LIBRARIES = YES;
				INFOPLIST_FILE = PappayaUITests/Info.plist;
				LD_RUNPATH_SEARCH_PATHS = "$(inherited) @executable_path/Frameworks @loader_path/Frameworks";
				PRODUCT_BUNDLE_IDENTIFIER = Think42labs.PappayaUITests;
				PRODUCT_NAME = "$(TARGET_NAME)";
				SWIFT_VERSION = 3.0;
				TEST_TARGET_NAME = Pappaya;
			};
			name = Debug;
		};
		5ABE937F1DEC127A00851382 /* Release */ = {
			isa = XCBuildConfiguration;
			buildSettings = {
				ALWAYS_EMBED_SWIFT_STANDARD_LIBRARIES = YES;
				INFOPLIST_FILE = PappayaUITests/Info.plist;
				LD_RUNPATH_SEARCH_PATHS = "$(inherited) @executable_path/Frameworks @loader_path/Frameworks";
				PRODUCT_BUNDLE_IDENTIFIER = Think42labs.PappayaUITests;
				PRODUCT_NAME = "$(TARGET_NAME)";
				SWIFT_VERSION = 3.0;
				TEST_TARGET_NAME = Pappaya;
			};
			name = Release;
		};
/* End XCBuildConfiguration section */

/* Begin XCConfigurationList section */
		5ABE93471DEC127900851382 /* Build configuration list for PBXProject "Pappaya" */ = {
			isa = XCConfigurationList;
			buildConfigurations = (
				5ABE93751DEC127A00851382 /* Debug */,
				5ABE93761DEC127A00851382 /* Release */,
			);
			defaultConfigurationIsVisible = 0;
			defaultConfigurationName = Release;
		};
		5ABE93771DEC127A00851382 /* Build configuration list for PBXNativeTarget "Pappaya" */ = {
			isa = XCConfigurationList;
			buildConfigurations = (
				5ABE93781DEC127A00851382 /* Debug */,
				5ABE93791DEC127A00851382 /* Release */,
			);
			defaultConfigurationIsVisible = 0;
			defaultConfigurationName = Release;
		};
		5ABE937A1DEC127A00851382 /* Build configuration list for PBXNativeTarget "PappayaTests" */ = {
			isa = XCConfigurationList;
			buildConfigurations = (
				5ABE937B1DEC127A00851382 /* Debug */,
				5ABE937C1DEC127A00851382 /* Release */,
			);
			defaultConfigurationIsVisible = 0;
			defaultConfigurationName = Release;
		};
		5ABE937D1DEC127A00851382 /* Build configuration list for PBXNativeTarget "PappayaUITests" */ = {
			isa = XCConfigurationList;
			buildConfigurations = (
				5ABE937E1DEC127A00851382 /* Debug */,
				5ABE937F1DEC127A00851382 /* Release */,
			);
			defaultConfigurationIsVisible = 0;
			defaultConfigurationName = Release;
		};
/* End XCConfigurationList section */

/* Begin XCVersionGroup section */
		5ABE93561DEC127900851382 /* Pappaya.xcdatamodeld */ = {
			isa = XCVersionGroup;
			children = (
				5ABE93571DEC127900851382 /* Pappaya.xcdatamodel */,
			);
			currentVersion = 5ABE93571DEC127900851382 /* Pappaya.xcdatamodel */;
			path = Pappaya.xcdatamodeld;
			sourceTree = "<group>";
			versionGroupType = wrapper.xcdatamodel;
		};
/* End XCVersionGroup section */
	};
	rootObject = 5ABE93441DEC127900851382 /* Project object */;
}
